
Microsoft Visual Studio Solution File, Format Version 12.00
# Visual Studio Version 17
VisualStudioVersion = 17.8.34330.188
MinimumVisualStudioVersion = 10.0.40219.1
Project("{9A19103F-16F7-4668-BE54-9A1E7A4F7556}") = "UntitledBattleGame", "UntitledBattleGame.csproj", "{4501057B-97BA-44B2-A782-0FE3A59B713C}"
EndProject
Global
	GlobalSection(SolutionConfigurationPlatforms) = preSolution
		Debug|Any CPU = Debug|Any CPU
		Release|Any CPU = Release|Any CPU
	EndGlobalSection
	GlobalSection(ProjectConfigurationPlatforms) = postSolution
		{4501057B-97BA-44B2-A782-0FE3A59B713C}.Debug|Any CPU.ActiveCfg = Debug|Any CPU
		{4501057B-97BA-44B2-A782-0FE3A59B713C}.Debug|Any CPU.Build.0 = Debug|Any CPU
		{4501057B-97BA-44B2-A782-0FE3A59B713C}.Release|Any CPU.ActiveCfg = Release|Any CPU
		{4501057B-97BA-44B2-A782-0FE3A59B713C}.Release|Any CPU.Build.0 = Release|Any CPU
	EndGlobalSection
	GlobalSection(SolutionProperties) = preSolution
		HideSolutionNode = FALSE
	EndGlobalSection
	GlobalSection(ExtensibilityGlobals) = postSolution
		SolutionGuid = {00E9E490-358B-439E-8BE6-AE52EC0134A9}
	EndGlobalSection
EndGlobal
